
Microsoft Visual Studio Solution File, Format Version 12.00
# Visual Studio Version 16
VisualStudioVersion = 16.0.29509.3
MinimumVisualStudioVersion = 10.0.40219.1
Project("{9A19103F-16F7-4668-BE54-9A1E7A4F7556}") = "1. Digitivision", "1. Digitivision\1. Digitivision.csproj", "{AC6CB9D9-BCA9-488A-B954-759DBC14EC5C}"
EndProject
Project("{9A19103F-16F7-4668-BE54-9A1E7A4F7556}") = "2. Crocs", "2. Crocs\2. Crocs.csproj", "{F45A01F8-ECC6-4D6F-B60A-5087E88BBA32}"
EndProject
Project("{9A19103F-16F7-4668-BE54-9A1E7A4F7556}") = "3. Nexus", "3. Nexus\3. Nexus.csproj", "{87E24BF1-1168-42D4-A2C0-56DB999A3229}"
EndProject
Project("{9A19103F-16F7-4668-BE54-9A1E7A4F7556}") = "2. Crocs_methods", "2. Crocs_methods\2. Crocs_methods.csproj", "{59C0969C-28AA-4929-80C6-81F5ECE4326A}"
EndProject
Project("{FAE04EC0-301F-11D3-BF4B-00C04F79EFBC}") = "4. Elemelons", "4. Elemelons\4. Elemelons.csproj", "{3259EF80-E96B-4ADD-B0C4-65859A8DF6D8}"
EndProject
Global
	GlobalSection(SolutionConfigurationPlatforms) = preSolution
		Debug|Any CPU = Debug|Any CPU
		Release|Any CPU = Release|Any CPU
	EndGlobalSection
	GlobalSection(ProjectConfigurationPlatforms) = postSolution
		{AC6CB9D9-BCA9-488A-B954-759DBC14EC5C}.Debug|Any CPU.ActiveCfg = Debug|Any CPU
		{AC6CB9D9-BCA9-488A-B954-759DBC14EC5C}.Debug|Any CPU.Build.0 = Debug|Any CPU
		{AC6CB9D9-BCA9-488A-B954-759DBC14EC5C}.Release|Any CPU.ActiveCfg = Release|Any CPU
		{AC6CB9D9-BCA9-488A-B954-759DBC14EC5C}.Release|Any CPU.Build.0 = Release|Any CPU
		{F45A01F8-ECC6-4D6F-B60A-5087E88BBA32}.Debug|Any CPU.ActiveCfg = Debug|Any CPU
		{F45A01F8-ECC6-4D6F-B60A-5087E88BBA32}.Debug|Any CPU.Build.0 = Debug|Any CPU
		{F45A01F8-ECC6-4D6F-B60A-5087E88BBA32}.Release|Any CPU.ActiveCfg = Release|Any CPU
		{F45A01F8-ECC6-4D6F-B60A-5087E88BBA32}.Release|Any CPU.Build.0 = Release|Any CPU
		{87E24BF1-1168-42D4-A2C0-56DB999A3229}.Debug|Any CPU.ActiveCfg = Debug|Any CPU
		{87E24BF1-1168-42D4-A2C0-56DB999A3229}.Debug|Any CPU.Build.0 = Debug|Any CPU
		{87E24BF1-1168-42D4-A2C0-56DB999A3229}.Release|Any CPU.ActiveCfg = Release|Any CPU
		{87E24BF1-1168-42D4-A2C0-56DB999A3229}.Release|Any CPU.Build.0 = Release|Any CPU
		{59C0969C-28AA-4929-80C6-81F5ECE4326A}.Debug|Any CPU.ActiveCfg = Debug|Any CPU
		{59C0969C-28AA-4929-80C6-81F5ECE4326A}.Debug|Any CPU.Build.0 = Debug|Any CPU
		{59C0969C-28AA-4929-80C6-81F5ECE4326A}.Release|Any CPU.ActiveCfg = Release|Any CPU
		{59C0969C-28AA-4929-80C6-81F5ECE4326A}.Release|Any CPU.Build.0 = Release|Any CPU
		{3259EF80-E96B-4ADD-B0C4-65859A8DF6D8}.Debug|Any CPU.ActiveCfg = Debug|Any CPU
		{3259EF80-E96B-4ADD-B0C4-65859A8DF6D8}.Debug|Any CPU.Build.0 = Debug|Any CPU
		{3259EF80-E96B-4ADD-B0C4-65859A8DF6D8}.Release|Any CPU.ActiveCfg = Release|Any CPU
		{3259EF80-E96B-4ADD-B0C4-65859A8DF6D8}.Release|Any CPU.Build.0 = Release|Any CPU
	EndGlobalSection
	GlobalSection(SolutionProperties) = preSolution
		HideSolutionNode = FALSE
	EndGlobalSection
	GlobalSection(ExtensibilityGlobals) = postSolution
		SolutionGuid = {BDC8B0E9-981A-49D5-996E-3298F65E9C02}
	EndGlobalSection
EndGlobal
